
Microsoft Visual Studio Solution File, Format Version 12.00
# Visual Studio 15
VisualStudioVersion = 15.0.27703.2042
MinimumVisualStudioVersion = 10.0.40219.1
Project("{FAE04EC0-301F-11D3-BF4B-00C04F79EFBC}") = "RCP", "RCP\RCP.csproj", "{CFCE4366-1626-48BE-BB00-1B1C359E1F68}"
EndProject
Global
	GlobalSection(SolutionConfigurationPlatforms) = preSolution
		Debug|Any CPU = Debug|Any CPU
		Release|Any CPU = Release|Any CPU
	EndGlobalSection
	GlobalSection(ProjectConfigurationPlatforms) = postSolution
		{CFCE4366-1626-48BE-BB00-1B1C359E1F68}.Debug|Any CPU.ActiveCfg = Debug|Any CPU
		{CFCE4366-1626-48BE-BB00-1B1C359E1F68}.Debug|Any CPU.Build.0 = Debug|Any CPU
		{CFCE4366-1626-48BE-BB00-1B1C359E1F68}.Release|Any CPU.ActiveCfg = Release|Any CPU
		{CFCE4366-1626-48BE-BB00-1B1C359E1F68}.Release|Any CPU.Build.0 = Release|Any CPU
	EndGlobalSection
	GlobalSection(SolutionProperties) = preSolution
		HideSolutionNode = FALSE
	EndGlobalSection
	GlobalSection(ExtensibilityGlobals) = postSolution
		SolutionGuid = {25560128-3759-427A-A0F1-E153A2E684CB}
	EndGlobalSection
EndGlobal
